
Microsoft Visual Studio Solution File, Format Version 12.00
# Visual Studio Version 16
VisualStudioVersion = 16.0.30011.22
MinimumVisualStudioVersion = 10.0.40219.1
Project("{FAE04EC0-301F-11D3-BF4B-00C04F79EFBC}") = "BouncingLabels", "BouncingLabels.csproj", "{9F6B733C-45E4-4138-AA16-BFFB6281096B}"
EndProject
Global
	GlobalSection(SolutionConfigurationPlatforms) = preSolution
		Debug|Any CPU = Debug|Any CPU
		Release|Any CPU = Release|Any CPU
	EndGlobalSection
	GlobalSection(ProjectConfigurationPlatforms) = postSolution
		{9F6B733C-45E4-4138-AA16-BFFB6281096B}.Debug|Any CPU.ActiveCfg = Debug|Any CPU
		{9F6B733C-45E4-4138-AA16-BFFB6281096B}.Debug|Any CPU.Build.0 = Debug|Any CPU
		{9F6B733C-45E4-4138-AA16-BFFB6281096B}.Release|Any CPU.ActiveCfg = Release|Any CPU
		{9F6B733C-45E4-4138-AA16-BFFB6281096B}.Release|Any CPU.Build.0 = Release|Any CPU
	EndGlobalSection
	GlobalSection(SolutionProperties) = preSolution
		HideSolutionNode = FALSE
	EndGlobalSection
	GlobalSection(ExtensibilityGlobals) = postSolution
		SolutionGuid = {30650F2E-9548-4D2D-B6B6-98BA4C903D15}
	EndGlobalSection
EndGlobal
